
Microsoft Visual Studio Solution File, Format Version 12.00
# Visual Studio Version 17
VisualStudioVersion = 17.11.35327.3
MinimumVisualStudioVersion = 10.0.40219.1
Project("{FAE04EC0-301F-11D3-BF4B-00C04F79EFBC}") = "Client_Dau_Gia", "Client_Dau_Gia\Client_Dau_Gia.csproj", "{0279665D-E472-429C-84C6-DDA3D7BB68BE}"
EndProject
Global
	GlobalSection(SolutionConfigurationPlatforms) = preSolution
		Debug|Any CPU = Debug|Any CPU
		Release|Any CPU = Release|Any CPU
	EndGlobalSection
	GlobalSection(ProjectConfigurationPlatforms) = postSolution
		{0279665D-E472-429C-84C6-DDA3D7BB68BE}.Debug|Any CPU.ActiveCfg = Debug|Any CPU
		{0279665D-E472-429C-84C6-DDA3D7BB68BE}.Debug|Any CPU.Build.0 = Debug|Any CPU
		{0279665D-E472-429C-84C6-DDA3D7BB68BE}.Release|Any CPU.ActiveCfg = Release|Any CPU
		{0279665D-E472-429C-84C6-DDA3D7BB68BE}.Release|Any CPU.Build.0 = Release|Any CPU
	EndGlobalSection
	GlobalSection(SolutionProperties) = preSolution
		HideSolutionNode = FALSE
	EndGlobalSection
	GlobalSection(ExtensibilityGlobals) = postSolution
		SolutionGuid = {877B9B8E-C3F6-440F-9222-95ED48272C6E}
	EndGlobalSection
EndGlobal
